
Microsoft Visual Studio Solution File, Format Version 12.00
# Visual Studio Version 16
VisualStudioVersion = 16.0.31005.135
MinimumVisualStudioVersion = 10.0.40219.1
Project("{9A19103F-16F7-4668-BE54-9A1E7A4F7556}") = "01. Diagonal Difference", "01. Diagonal Difference\01. Diagonal Difference.csproj", "{9A9BAFEC-8DF5-44A6-AF34-B568D1ABF898}"
EndProject
Project("{9A19103F-16F7-4668-BE54-9A1E7A4F7556}") = "02. Squares In Matrix", "02. Squares In Matrix\02. Squares In Matrix.csproj", "{0C8EB149-5413-47D3-B241-63C3D9756457}"
EndProject
Project("{9A19103F-16F7-4668-BE54-9A1E7A4F7556}") = "03. Maximal Sum", "03. Maximal Sum\03. Maximal Sum.csproj", "{5F6761D1-7890-49DE-A7E2-23FCF34E7AAC}"
EndProject
Project("{9A19103F-16F7-4668-BE54-9A1E7A4F7556}") = "04. Matrix Shuffling", "04. Matrix Shuffling\04. Matrix Shuffling.csproj", "{1D220AEA-850C-4FA9-B6CE-C2B316E959B8}"
EndProject
Project("{9A19103F-16F7-4668-BE54-9A1E7A4F7556}") = "05. Snake Moves", "05. Snake Moves\05. Snake Moves.csproj", "{656DC3A4-B78D-42D4-B60F-1F74C833FC0F}"
EndProject
Project("{9A19103F-16F7-4668-BE54-9A1E7A4F7556}") = "06. Jagged Array Manipulator", "06. Jagged Array Manipulator\06. Jagged Array Manipulator.csproj", "{7E9149A6-D146-44FA-A363-C120826F9AD0}"
EndProject
Project("{FAE04EC0-301F-11D3-BF4B-00C04F79EFBC}") = "07. Knight Game", "07. Knight Game\07. Knight Game.csproj", "{6F95B489-84B9-4905-958D-F0B2515D0B66}"
EndProject
Global
	GlobalSection(SolutionConfigurationPlatforms) = preSolution
		Debug|Any CPU = Debug|Any CPU
		Release|Any CPU = Release|Any CPU
	EndGlobalSection
	GlobalSection(ProjectConfigurationPlatforms) = postSolution
		{9A9BAFEC-8DF5-44A6-AF34-B568D1ABF898}.Debug|Any CPU.ActiveCfg = Debug|Any CPU
		{9A9BAFEC-8DF5-44A6-AF34-B568D1ABF898}.Debug|Any CPU.Build.0 = Debug|Any CPU
		{9A9BAFEC-8DF5-44A6-AF34-B568D1ABF898}.Release|Any CPU.ActiveCfg = Release|Any CPU
		{9A9BAFEC-8DF5-44A6-AF34-B568D1ABF898}.Release|Any CPU.Build.0 = Release|Any CPU
		{0C8EB149-5413-47D3-B241-63C3D9756457}.Debug|Any CPU.ActiveCfg = Debug|Any CPU
		{0C8EB149-5413-47D3-B241-63C3D9756457}.Debug|Any CPU.Build.0 = Debug|Any CPU
		{0C8EB149-5413-47D3-B241-63C3D9756457}.Release|Any CPU.ActiveCfg = Release|Any CPU
		{0C8EB149-5413-47D3-B241-63C3D9756457}.Release|Any CPU.Build.0 = Release|Any CPU
		{5F6761D1-7890-49DE-A7E2-23FCF34E7AAC}.Debug|Any CPU.ActiveCfg = Debug|Any CPU
		{5F6761D1-7890-49DE-A7E2-23FCF34E7AAC}.Debug|Any CPU.Build.0 = Debug|Any CPU
		{5F6761D1-7890-49DE-A7E2-23FCF34E7AAC}.Release|Any CPU.ActiveCfg = Release|Any CPU
		{5F6761D1-7890-49DE-A7E2-23FCF34E7AAC}.Release|Any CPU.Build.0 = Release|Any CPU
		{1D220AEA-850C-4FA9-B6CE-C2B316E959B8}.Debug|Any CPU.ActiveCfg = Debug|Any CPU
		{1D220AEA-850C-4FA9-B6CE-C2B316E959B8}.Debug|Any CPU.Build.0 = Debug|Any CPU
		{1D220AEA-850C-4FA9-B6CE-C2B316E959B8}.Release|Any CPU.ActiveCfg = Release|Any CPU
		{1D220AEA-850C-4FA9-B6CE-C2B316E959B8}.Release|Any CPU.Build.0 = Release|Any CPU
		{656DC3A4-B78D-42D4-B60F-1F74C833FC0F}.Debug|Any CPU.ActiveCfg = Debug|Any CPU
		{656DC3A4-B78D-42D4-B60F-1F74C833FC0F}.Debug|Any CPU.Build.0 = Debug|Any CPU
		{656DC3A4-B78D-42D4-B60F-1F74C833FC0F}.Release|Any CPU.ActiveCfg = Release|Any CPU
		{656DC3A4-B78D-42D4-B60F-1F74C833FC0F}.Release|Any CPU.Build.0 = Release|Any CPU
		{7E9149A6-D146-44FA-A363-C120826F9AD0}.Debug|Any CPU.ActiveCfg = Debug|Any CPU
		{7E9149A6-D146-44FA-A363-C120826F9AD0}.Debug|Any CPU.Build.0 = Debug|Any CPU
		{7E9149A6-D146-44FA-A363-C120826F9AD0}.Release|Any CPU.ActiveCfg = Release|Any CPU
		{7E9149A6-D146-44FA-A363-C120826F9AD0}.Release|Any CPU.Build.0 = Release|Any CPU
		{6F95B489-84B9-4905-958D-F0B2515D0B66}.Debug|Any CPU.ActiveCfg = Debug|Any CPU
		{6F95B489-84B9-4905-958D-F0B2515D0B66}.Debug|Any CPU.Build.0 = Debug|Any CPU
		{6F95B489-84B9-4905-958D-F0B2515D0B66}.Release|Any CPU.ActiveCfg = Release|Any CPU
		{6F95B489-84B9-4905-958D-F0B2515D0B66}.Release|Any CPU.Build.0 = Release|Any CPU
	EndGlobalSection
	GlobalSection(SolutionProperties) = preSolution
		HideSolutionNode = FALSE
	EndGlobalSection
	GlobalSection(ExtensibilityGlobals) = postSolution
		SolutionGuid = {90C68972-D89F-4430-8EF8-53E9EEF41126}
	EndGlobalSection
EndGlobal
