
Microsoft Visual Studio Solution File, Format Version 12.00
# Visual Studio Version 16
VisualStudioVersion = 16.0.31005.135
MinimumVisualStudioVersion = 10.0.40219.1
Project("{FAE04EC0-301F-11D3-BF4B-00C04F79EFBC}") = "01. Scheduling", "01. Scheduling\01. Scheduling.csproj", "{24A30773-5F36-4B32-95C6-799B47F00E63}"
EndProject
Project("{FAE04EC0-301F-11D3-BF4B-00C04F79EFBC}") = "02. Garden", "02. Garden\02. Garden.csproj", "{54DCD1ED-C865-4CBB-8B64-C69546C3D60D}"
EndProject
Project("{FAE04EC0-301F-11D3-BF4B-00C04F79EFBC}") = "Classroom", "03. Classroom\Classroom.csproj", "{041EF73D-5D1C-42EA-8456-26CEA565CB10}"
EndProject
Global
	GlobalSection(SolutionConfigurationPlatforms) = preSolution
		Debug|Any CPU = Debug|Any CPU
		Release|Any CPU = Release|Any CPU
	EndGlobalSection
	GlobalSection(ProjectConfigurationPlatforms) = postSolution
		{24A30773-5F36-4B32-95C6-799B47F00E63}.Debug|Any CPU.ActiveCfg = Debug|Any CPU
		{24A30773-5F36-4B32-95C6-799B47F00E63}.Debug|Any CPU.Build.0 = Debug|Any CPU
		{24A30773-5F36-4B32-95C6-799B47F00E63}.Release|Any CPU.ActiveCfg = Release|Any CPU
		{24A30773-5F36-4B32-95C6-799B47F00E63}.Release|Any CPU.Build.0 = Release|Any CPU
		{54DCD1ED-C865-4CBB-8B64-C69546C3D60D}.Debug|Any CPU.ActiveCfg = Debug|Any CPU
		{54DCD1ED-C865-4CBB-8B64-C69546C3D60D}.Debug|Any CPU.Build.0 = Debug|Any CPU
		{54DCD1ED-C865-4CBB-8B64-C69546C3D60D}.Release|Any CPU.ActiveCfg = Release|Any CPU
		{54DCD1ED-C865-4CBB-8B64-C69546C3D60D}.Release|Any CPU.Build.0 = Release|Any CPU
		{041EF73D-5D1C-42EA-8456-26CEA565CB10}.Debug|Any CPU.ActiveCfg = Debug|Any CPU
		{041EF73D-5D1C-42EA-8456-26CEA565CB10}.Debug|Any CPU.Build.0 = Debug|Any CPU
		{041EF73D-5D1C-42EA-8456-26CEA565CB10}.Release|Any CPU.ActiveCfg = Release|Any CPU
		{041EF73D-5D1C-42EA-8456-26CEA565CB10}.Release|Any CPU.Build.0 = Release|Any CPU
	EndGlobalSection
	GlobalSection(SolutionProperties) = preSolution
		HideSolutionNode = FALSE
	EndGlobalSection
	GlobalSection(ExtensibilityGlobals) = postSolution
		SolutionGuid = {097B567A-FD06-420E-B83B-AD3DC647F8DE}
	EndGlobalSection
EndGlobal
