
Microsoft Visual Studio Solution File, Format Version 12.00
# Visual Studio Version 16
VisualStudioVersion = 16.0.31005.135
MinimumVisualStudioVersion = 10.0.40219.1
Project("{FAE04EC0-301F-11D3-BF4B-00C04F79EFBC}") = "01. Lootbox", "01. Lootbox\01. Lootbox.csproj", "{FCBAE72A-9198-4F05-A53C-207CED137FD4}"
EndProject
Project("{FAE04EC0-301F-11D3-BF4B-00C04F79EFBC}") = "02. Re-Volt", "02. Re-Volt\02. Re-Volt.csproj", "{6D78A6D8-55D4-4810-8F31-9335608714B5}"
EndProject
Project("{FAE04EC0-301F-11D3-BF4B-00C04F79EFBC}") = "Guild", "Guild\Guild.csproj", "{5CA202E6-FCFF-4310-93C9-4E72E6D54189}"
EndProject
Global
	GlobalSection(SolutionConfigurationPlatforms) = preSolution
		Debug|Any CPU = Debug|Any CPU
		Release|Any CPU = Release|Any CPU
	EndGlobalSection
	GlobalSection(ProjectConfigurationPlatforms) = postSolution
		{FCBAE72A-9198-4F05-A53C-207CED137FD4}.Debug|Any CPU.ActiveCfg = Debug|Any CPU
		{FCBAE72A-9198-4F05-A53C-207CED137FD4}.Debug|Any CPU.Build.0 = Debug|Any CPU
		{FCBAE72A-9198-4F05-A53C-207CED137FD4}.Release|Any CPU.ActiveCfg = Release|Any CPU
		{FCBAE72A-9198-4F05-A53C-207CED137FD4}.Release|Any CPU.Build.0 = Release|Any CPU
		{6D78A6D8-55D4-4810-8F31-9335608714B5}.Debug|Any CPU.ActiveCfg = Debug|Any CPU
		{6D78A6D8-55D4-4810-8F31-9335608714B5}.Debug|Any CPU.Build.0 = Debug|Any CPU
		{6D78A6D8-55D4-4810-8F31-9335608714B5}.Release|Any CPU.ActiveCfg = Release|Any CPU
		{6D78A6D8-55D4-4810-8F31-9335608714B5}.Release|Any CPU.Build.0 = Release|Any CPU
		{5CA202E6-FCFF-4310-93C9-4E72E6D54189}.Debug|Any CPU.ActiveCfg = Debug|Any CPU
		{5CA202E6-FCFF-4310-93C9-4E72E6D54189}.Debug|Any CPU.Build.0 = Debug|Any CPU
		{5CA202E6-FCFF-4310-93C9-4E72E6D54189}.Release|Any CPU.ActiveCfg = Release|Any CPU
		{5CA202E6-FCFF-4310-93C9-4E72E6D54189}.Release|Any CPU.Build.0 = Release|Any CPU
	EndGlobalSection
	GlobalSection(SolutionProperties) = preSolution
		HideSolutionNode = FALSE
	EndGlobalSection
	GlobalSection(ExtensibilityGlobals) = postSolution
		SolutionGuid = {FE5DF351-7726-47C0-84E4-084ED10EB834}
	EndGlobalSection
EndGlobal
